{
  "name": "Front-end-Park-in",
  "lockfileVersion": 3,
  "requires": true,
  "packages": {
    "": {
      "dependencies": {
        "@angular/cdk": "^19.1.0",
        "@angular/material": "^19.1.0",
        "ngx-material-timepicker": "^13.1.1",
        "primeng": "^19.0.5"
      }
    },
    "node_modules/@angular/animations": {
      "version": "19.1.2",
      "resolved": "https://registry.npmjs.org/@angular/animations/-/animations-19.1.2.tgz",
      "integrity": "sha512-usf/TMBpQKRnVpEK/UzrcxtHrUgWvryMG1UDWOTsTxmfAKsYoLqy+gdcGOkSf9yEiNn8xBxFXeGqPbFPeA1fWQ==",
      "license": "MIT",
      "peer": true,
      "dependencies": {
        "tslib": "^2.3.0"
      },
      "engines": {
        "node": "^18.19.1 || ^20.11.1 || >=22.0.0"
      },
      "peerDependencies": {
        "@angular/core": "19.1.2"
      }
    },
    "node_modules/@angular/cdk": {
      "version": "19.1.0",
      "resolved": "https://registry.npmjs.org/@angular/cdk/-/cdk-19.1.0.tgz",
      "integrity": "sha512-h7VSaMA/vFHb7u1bwoHKl3L3mZLIcXNZw6v7Nei9ITfEo1PfSKbrYhleeqpNikzE+LxNDKJrbZtpAckSYHblmA==",
      "license": "MIT",
      "dependencies": {
        "tslib": "^2.3.0"
      },
      "optionalDependencies": {
        "parse5": "^7.1.2"
      },
      "peerDependencies": {
        "@angular/common": "^19.0.0 || ^20.0.0",
        "@angular/core": "^19.0.0 || ^20.0.0",
        "rxjs": "^6.5.3 || ^7.4.0"
      }
    },
    "node_modules/@angular/common": {
      "version": "19.1.2",
      "resolved": "https://registry.npmjs.org/@angular/common/-/common-19.1.2.tgz",
      "integrity": "sha512-6IhBXwz97pbXA+3vHw1hQlv4M0gc5NrDZSCQeffcraE6wpFMzo8vLcYAiNxpSyTFS7YLzCALdS6kYXVP2FBy1g==",
      "license": "MIT",
      "peer": true,
      "dependencies": {
        "tslib": "^2.3.0"
      },
      "engines": {
        "node": "^18.19.1 || ^20.11.1 || >=22.0.0"
      },
      "peerDependencies": {
        "@angular/core": "19.1.2",
        "rxjs": "^6.5.3 || ^7.4.0"
      }
    },
    "node_modules/@angular/core": {
      "version": "19.1.2",
      "resolved": "https://registry.npmjs.org/@angular/core/-/core-19.1.2.tgz",
      "integrity": "sha512-WrOzn9X2LsXxS27fB1WNjYsFVUKvuDuZ0ERfesWb/t1prz09q7fi/YK0TXx7XOby9CfNe4aXjzRPQL2zgFuMWQ==",
      "license": "MIT",
      "peer": true,
      "dependencies": {
        "tslib": "^2.3.0"
      },
      "engines": {
        "node": "^18.19.1 || ^20.11.1 || >=22.0.0"
      },
      "peerDependencies": {
        "rxjs": "^6.5.3 || ^7.4.0",
        "zone.js": "~0.15.0"
      }
    },
    "node_modules/@angular/forms": {
      "version": "19.1.2",
      "resolved": "https://registry.npmjs.org/@angular/forms/-/forms-19.1.2.tgz",
      "integrity": "sha512-PmHoF4JkGbYK0pdBH2FwAKU9VBydAIjJQlol3anjUQF2zfkITeTqfVNmys1mFhojGR+ZppV0zZ+8MhI/501P7A==",
      "license": "MIT",
      "peer": true,
      "dependencies": {
        "tslib": "^2.3.0"
      },
      "engines": {
        "node": "^18.19.1 || ^20.11.1 || >=22.0.0"
      },
      "peerDependencies": {
        "@angular/common": "19.1.2",
        "@angular/core": "19.1.2",
        "@angular/platform-browser": "19.1.2",
        "rxjs": "^6.5.3 || ^7.4.0"
      }
    },
    "node_modules/@angular/material": {
      "version": "19.1.0",
      "resolved": "https://registry.npmjs.org/@angular/material/-/material-19.1.0.tgz",
      "integrity": "sha512-LTQBWtuRGjNpA7ceQu9PyiUUq0KLfBP8LvL04hLFbEsZ0fIPQ/OO/Otn67/7TMtnHRFnPeezYPHcAHBhiNlR4A==",
      "license": "MIT",
      "dependencies": {
        "tslib": "^2.3.0"
      },
      "peerDependencies": {
        "@angular/animations": "^19.0.0 || ^20.0.0",
        "@angular/cdk": "19.1.0",
        "@angular/common": "^19.0.0 || ^20.0.0",
        "@angular/core": "^19.0.0 || ^20.0.0",
        "@angular/forms": "^19.0.0 || ^20.0.0",
        "@angular/platform-browser": "^19.0.0 || ^20.0.0",
        "rxjs": "^6.5.3 || ^7.4.0"
      }
    },
    "node_modules/@angular/platform-browser": {
      "version": "19.1.2",
      "resolved": "https://registry.npmjs.org/@angular/platform-browser/-/platform-browser-19.1.2.tgz",
      "integrity": "sha512-fk/OrL4r5jUjAi1WTv9LGTm+DXWrPtDBpoX4z5Ze6Se+x3/6pTn1Rty1C4MNZvHiTjIQGQNRnq447GdiOjhg9w==",
      "license": "MIT",
      "peer": true,
      "dependencies": {
        "tslib": "^2.3.0"
      },
      "engines": {
        "node": "^18.19.1 || ^20.11.1 || >=22.0.0"
      },
      "peerDependencies": {
        "@angular/animations": "19.1.2",
        "@angular/common": "19.1.2",
        "@angular/core": "19.1.2"
      },
      "peerDependenciesMeta": {
        "@angular/animations": {
          "optional": true
        }
      }
    },
    "node_modules/@angular/router": {
      "version": "19.1.2",
      "resolved": "https://registry.npmjs.org/@angular/router/-/router-19.1.2.tgz",
      "integrity": "sha512-yIz86uSTKFttwgWGnzHeFUvoHP+QNk+2w2OAR9UCbRoXpfx5oDhZj/zZQLmuqqpSAQyJ6qicqucEBUahA938pg==",
      "license": "MIT",
      "peer": true,
      "dependencies": {
        "tslib": "^2.3.0"
      },
      "engines": {
        "node": "^18.19.1 || ^20.11.1 || >=22.0.0"
      },
      "peerDependencies": {
        "@angular/common": "19.1.2",
        "@angular/core": "19.1.2",
        "@angular/platform-browser": "19.1.2",
        "rxjs": "^6.5.3 || ^7.4.0"
      }
    },
    "node_modules/@primeuix/styled": {
      "version": "0.3.2",
      "resolved": "https://registry.npmjs.org/@primeuix/styled/-/styled-0.3.2.tgz",
      "integrity": "sha512-ColZes0+/WKqH4ob2x8DyNYf1NENpe5ZguOvx5yCLxaP8EIMVhLjWLO/3umJiDnQU4XXMLkn2mMHHw+fhTX/mw==",
      "license": "MIT",
      "dependencies": {
        "@primeuix/utils": "^0.3.2"
      },
      "engines": {
        "node": ">=12.11.0"
      }
    },
    "node_modules/@primeuix/utils": {
      "version": "0.3.2",
      "resolved": "https://registry.npmjs.org/@primeuix/utils/-/utils-0.3.2.tgz",
      "integrity": "sha512-B+nphqTQeq+i6JuICLdVWnDMjONome2sNz0xI65qIOyeB4EF12CoKRiCsxuZ5uKAkHi/0d1LqlQ9mIWRSdkavw==",
      "license": "MIT",
      "engines": {
        "node": ">=12.11.0"
      }
    },
    "node_modules/@types/luxon": {
      "version": "3.4.2",
      "resolved": "https://registry.npmjs.org/@types/luxon/-/luxon-3.4.2.tgz",
      "integrity": "sha512-TifLZlFudklWlMBfhubvgqTXRzLDI5pCbGa4P8a3wPyUQSW+1xQ5eDsreP9DWHX3tjq1ke96uYG/nwundroWcA==",
      "license": "MIT",
      "peer": true
    },
    "node_modules/entities": {
      "version": "4.5.0",
      "resolved": "https://registry.npmjs.org/entities/-/entities-4.5.0.tgz",
      "integrity": "sha512-V0hjH4dGPh9Ao5p0MoRY6BVqtwCjhz6vI5LT8AJ55H+4g9/4vbHx1I54fS0XuclLhDHArPQCiMjDxjaL8fPxhw==",
      "license": "BSD-2-Clause",
      "optional": true,
      "engines": {
        "node": ">=0.12"
      },
      "funding": {
        "url": "https://github.com/fb55/entities?sponsor=1"
      }
    },
    "node_modules/luxon": {
      "version": "3.5.0",
      "resolved": "https://registry.npmjs.org/luxon/-/luxon-3.5.0.tgz",
      "integrity": "sha512-rh+Zjr6DNfUYR3bPwJEnuwDdqMbxZW7LOQfUN4B54+Cl+0o5zaU9RJ6bcidfDtC1cWCZXQ+nvX8bf6bAji37QQ==",
      "license": "MIT",
      "peer": true,
      "engines": {
        "node": ">=12"
      }
    },
    "node_modules/ngx-material-timepicker": {
      "version": "13.1.1",
      "resolved": "https://registry.npmjs.org/ngx-material-timepicker/-/ngx-material-timepicker-13.1.1.tgz",
      "integrity": "sha512-GST4IBFXrPSBB5VP5LVxoOk1yHbdSnaB293tjuyu+vusg+pQ/3+AtcxQEIadk6Nmsdt8zKsbXNgvLrI4nbYRKQ==",
      "license": "MIT",
      "dependencies": {
        "tslib": "^2.0.0"
      },
      "peerDependencies": {
        "@types/luxon": ">= 1.11.1",
        "luxon": ">= 1.24.0"
      }
    },
    "node_modules/parse5": {
      "version": "7.2.1",
      "resolved": "https://registry.npmjs.org/parse5/-/parse5-7.2.1.tgz",
      "integrity": "sha512-BuBYQYlv1ckiPdQi/ohiivi9Sagc9JG+Ozs0r7b/0iK3sKmrb0b9FdWdBbOdx6hBCM/F9Ir82ofnBhtZOjCRPQ==",
      "license": "MIT",
      "optional": true,
      "dependencies": {
        "entities": "^4.5.0"
      },
      "funding": {
        "url": "https://github.com/inikulin/parse5?sponsor=1"
      }
    },
    "node_modules/primeng": {
      "version": "19.0.5",
      "resolved": "https://registry.npmjs.org/primeng/-/primeng-19.0.5.tgz",
      "integrity": "sha512-3IMWTUykIyZpT7d+pD7KzB+68GcY8/xOV10V1Tf09cPkPuwXlFP+NAVGIqAOXBzkw+RmJksSBoa13bpS/fMo1g==",
      "license": "SEE LICENSE IN LICENSE.md",
      "dependencies": {
        "@primeuix/styled": "^0.3.2",
        "@primeuix/utils": "^0.3.2",
        "tslib": "^2.3.0"
      },
      "peerDependencies": {
        "@angular/animations": "^19.0.0",
        "@angular/cdk": "^19.0.0",
        "@angular/common": "^19.0.0",
        "@angular/core": "^19.0.0",
        "@angular/forms": "^19.0.0",
        "@angular/platform-browser": "^19.0.0",
        "@angular/router": "^19.0.0",
        "rxjs": "^6.0.0 || ^7.8.1"
      }
    },
    "node_modules/rxjs": {
      "version": "7.8.1",
      "resolved": "https://registry.npmjs.org/rxjs/-/rxjs-7.8.1.tgz",
      "integrity": "sha512-AA3TVj+0A2iuIoQkWEK/tqFjBq2j+6PO6Y0zJcvzLAFhEFIO3HL0vls9hWLncZbAAbK0mar7oZ4V079I/qPMxg==",
      "license": "Apache-2.0",
      "peer": true,
      "dependencies": {
        "tslib": "^2.1.0"
      }
    },
    "node_modules/tslib": {
      "version": "2.8.1",
      "resolved": "https://registry.npmjs.org/tslib/-/tslib-2.8.1.tgz",
      "integrity": "sha512-oJFu94HQb+KVduSUQL7wnpmqnfmLsOA/nAh6b6EH0wCEoK0/mPeXU6c3wKDV83MkOuHPRHtSXKKU99IBazS/2w==",
      "license": "0BSD"
    },
    "node_modules/zone.js": {
      "version": "0.15.0",
      "resolved": "https://registry.npmjs.org/zone.js/-/zone.js-0.15.0.tgz",
      "integrity": "sha512-9oxn0IIjbCZkJ67L+LkhYWRyAy7axphb3VgE2MBDlOqnmHMPWGYMxJxBYFueFq/JGY2GMwS0rU+UCLunEmy5UA==",
      "license": "MIT",
      "peer": true
    }
  }
}
